
Microsoft Visual Studio Solution File, Format Version 12.00
# Visual Studio Version 17
VisualStudioVersion = 17.2.32526.322
MinimumVisualStudioVersion = 10.0.40219.1
Project("{8BC9CEB8-8B4A-11D0-8D11-00A0C91BC942}") = "Loops", "Loops\Loops.vcxproj", "{D9C481BF-B8E2-430D-84E4-FA5E678B2790}"
EndProject
Project("{8BC9CEB8-8B4A-11D0-8D11-00A0C91BC942}") = "For", "For\For.vcxproj", "{C6DA519E-3120-439C-B8CA-9E35E94604E4}"
EndProject
Project("{8BC9CEB8-8B4A-11D0-8D11-00A0C91BC942}") = "Shooter", "Shooter\Shooter.vcxproj", "{03719D93-200B-4EF8-B9A8-2A0E40975C90}"
EndProject
Project("{8BC9CEB8-8B4A-11D0-8D11-00A0C91BC942}") = "ДЗ от 08.09", "ДЗ от 08.09\ДЗ от 08.09.vcxproj", "{9E901F73-398A-482C-B4B4-6072894892D5}"
EndProject
Project("{8BC9CEB8-8B4A-11D0-8D11-00A0C91BC942}") = "Nested Fors", "Nested Fors\Nested Fors.vcxproj", "{5D142467-456E-41CC-9926-EF9896F58487}"
EndProject
Project("{8BC9CEB8-8B4A-11D0-8D11-00A0C91BC942}") = "Геометрия", "Геометрия\Геометрия.vcxproj", "{2BDA2E79-07E5-4DDC-A493-DA27B917F9B5}"
EndProject
Global
	GlobalSection(SolutionConfigurationPlatforms) = preSolution
		Debug|x64 = Debug|x64
		Debug|x86 = Debug|x86
		Release|x64 = Release|x64
		Release|x86 = Release|x86
	EndGlobalSection
	GlobalSection(ProjectConfigurationPlatforms) = postSolution
		{D9C481BF-B8E2-430D-84E4-FA5E678B2790}.Debug|x64.ActiveCfg = Debug|x64
		{D9C481BF-B8E2-430D-84E4-FA5E678B2790}.Debug|x64.Build.0 = Debug|x64
		{D9C481BF-B8E2-430D-84E4-FA5E678B2790}.Debug|x86.ActiveCfg = Debug|Win32
		{D9C481BF-B8E2-430D-84E4-FA5E678B2790}.Debug|x86.Build.0 = Debug|Win32
		{D9C481BF-B8E2-430D-84E4-FA5E678B2790}.Release|x64.ActiveCfg = Release|x64
		{D9C481BF-B8E2-430D-84E4-FA5E678B2790}.Release|x64.Build.0 = Release|x64
		{D9C481BF-B8E2-430D-84E4-FA5E678B2790}.Release|x86.ActiveCfg = Release|Win32
		{D9C481BF-B8E2-430D-84E4-FA5E678B2790}.Release|x86.Build.0 = Release|Win32
		{C6DA519E-3120-439C-B8CA-9E35E94604E4}.Debug|x64.ActiveCfg = Debug|x64
		{C6DA519E-3120-439C-B8CA-9E35E94604E4}.Debug|x64.Build.0 = Debug|x64
		{C6DA519E-3120-439C-B8CA-9E35E94604E4}.Debug|x86.ActiveCfg = Debug|Win32
		{C6DA519E-3120-439C-B8CA-9E35E94604E4}.Debug|x86.Build.0 = Debug|Win32
		{C6DA519E-3120-439C-B8CA-9E35E94604E4}.Release|x64.ActiveCfg = Release|x64
		{C6DA519E-3120-439C-B8CA-9E35E94604E4}.Release|x64.Build.0 = Release|x64
		{C6DA519E-3120-439C-B8CA-9E35E94604E4}.Release|x86.ActiveCfg = Release|Win32
		{C6DA519E-3120-439C-B8CA-9E35E94604E4}.Release|x86.Build.0 = Release|Win32
		{03719D93-200B-4EF8-B9A8-2A0E40975C90}.Debug|x64.ActiveCfg = Debug|x64
		{03719D93-200B-4EF8-B9A8-2A0E40975C90}.Debug|x64.Build.0 = Debug|x64
		{03719D93-200B-4EF8-B9A8-2A0E40975C90}.Debug|x86.ActiveCfg = Debug|Win32
		{03719D93-200B-4EF8-B9A8-2A0E40975C90}.Debug|x86.Build.0 = Debug|Win32
		{03719D93-200B-4EF8-B9A8-2A0E40975C90}.Release|x64.ActiveCfg = Release|x64
		{03719D93-200B-4EF8-B9A8-2A0E40975C90}.Release|x64.Build.0 = Release|x64
		{03719D93-200B-4EF8-B9A8-2A0E40975C90}.Release|x86.ActiveCfg = Release|Win32
		{03719D93-200B-4EF8-B9A8-2A0E40975C90}.Release|x86.Build.0 = Release|Win32
		{9E901F73-398A-482C-B4B4-6072894892D5}.Debug|x64.ActiveCfg = Debug|x64
		{9E901F73-398A-482C-B4B4-6072894892D5}.Debug|x64.Build.0 = Debug|x64
		{9E901F73-398A-482C-B4B4-6072894892D5}.Debug|x86.ActiveCfg = Debug|Win32
		{9E901F73-398A-482C-B4B4-6072894892D5}.Debug|x86.Build.0 = Debug|Win32
		{9E901F73-398A-482C-B4B4-6072894892D5}.Release|x64.ActiveCfg = Release|x64
		{9E901F73-398A-482C-B4B4-6072894892D5}.Release|x64.Build.0 = Release|x64
		{9E901F73-398A-482C-B4B4-6072894892D5}.Release|x86.ActiveCfg = Release|Win32
		{9E901F73-398A-482C-B4B4-6072894892D5}.Release|x86.Build.0 = Release|Win32
		{5D142467-456E-41CC-9926-EF9896F58487}.Debug|x64.ActiveCfg = Debug|x64
		{5D142467-456E-41CC-9926-EF9896F58487}.Debug|x64.Build.0 = Debug|x64
		{5D142467-456E-41CC-9926-EF9896F58487}.Debug|x86.ActiveCfg = Debug|Win32
		{5D142467-456E-41CC-9926-EF9896F58487}.Debug|x86.Build.0 = Debug|Win32
		{5D142467-456E-41CC-9926-EF9896F58487}.Release|x64.ActiveCfg = Release|x64
		{5D142467-456E-41CC-9926-EF9896F58487}.Release|x64.Build.0 = Release|x64
		{5D142467-456E-41CC-9926-EF9896F58487}.Release|x86.ActiveCfg = Release|Win32
		{5D142467-456E-41CC-9926-EF9896F58487}.Release|x86.Build.0 = Release|Win32
		{2BDA2E79-07E5-4DDC-A493-DA27B917F9B5}.Debug|x64.ActiveCfg = Debug|x64
		{2BDA2E79-07E5-4DDC-A493-DA27B917F9B5}.Debug|x64.Build.0 = Debug|x64
		{2BDA2E79-07E5-4DDC-A493-DA27B917F9B5}.Debug|x86.ActiveCfg = Debug|Win32
		{2BDA2E79-07E5-4DDC-A493-DA27B917F9B5}.Debug|x86.Build.0 = Debug|Win32
		{2BDA2E79-07E5-4DDC-A493-DA27B917F9B5}.Release|x64.ActiveCfg = Release|x64
		{2BDA2E79-07E5-4DDC-A493-DA27B917F9B5}.Release|x64.Build.0 = Release|x64
		{2BDA2E79-07E5-4DDC-A493-DA27B917F9B5}.Release|x86.ActiveCfg = Release|Win32
		{2BDA2E79-07E5-4DDC-A493-DA27B917F9B5}.Release|x86.Build.0 = Release|Win32
	EndGlobalSection
	GlobalSection(SolutionProperties) = preSolution
		HideSolutionNode = FALSE
	EndGlobalSection
	GlobalSection(ExtensibilityGlobals) = postSolution
		SolutionGuid = {D362E12E-0DE0-42B9-B6AC-394C51458957}
	EndGlobalSection
EndGlobal
